
Microsoft Visual Studio Solution File, Format Version 12.00
# Visual Studio Version 16
VisualStudioVersion = 16.0.29025.244
MinimumVisualStudioVersion = 10.0.40219.1
Project("{FAE04EC0-301F-11D3-BF4B-00C04F79EFBC}") = "Redis-Test", "Redis-Test\Redis-Test.csproj", "{7F493649-E94F-4512-8F5C-3F880BC101B1}"
EndProject
Global
	GlobalSection(SolutionConfigurationPlatforms) = preSolution
		Debug|Any CPU = Debug|Any CPU
		Release|Any CPU = Release|Any CPU
	EndGlobalSection
	GlobalSection(ProjectConfigurationPlatforms) = postSolution
		{7F493649-E94F-4512-8F5C-3F880BC101B1}.Debug|Any CPU.ActiveCfg = Debug|Any CPU
		{7F493649-E94F-4512-8F5C-3F880BC101B1}.Debug|Any CPU.Build.0 = Debug|Any CPU
		{7F493649-E94F-4512-8F5C-3F880BC101B1}.Release|Any CPU.ActiveCfg = Release|Any CPU
		{7F493649-E94F-4512-8F5C-3F880BC101B1}.Release|Any CPU.Build.0 = Release|Any CPU
	EndGlobalSection
	GlobalSection(SolutionProperties) = preSolution
		HideSolutionNode = FALSE
	EndGlobalSection
	GlobalSection(ExtensibilityGlobals) = postSolution
		SolutionGuid = {6547C1C4-CAD3-4DF0-A3E1-38A398FB91A2}
	EndGlobalSection
EndGlobal
